
Microsoft Visual Studio Solution File, Format Version 12.00
# Visual Studio Version 17
VisualStudioVersion = 17.0.31912.275
MinimumVisualStudioVersion = 10.0.40219.1
Project("{9A19103F-16F7-4668-BE54-9A1E7A4F7556}") = "FasterBase64", "FasterBase64\FasterBase64.csproj", "{C6D9044D-8B5E-42E5-A699-ED8B212B6227}"
EndProject
Project("{9A19103F-16F7-4668-BE54-9A1E7A4F7556}") = "FasterBase64.Tests", "FasterBase64.Tests\FasterBase64.Tests.csproj", "{CE48F6A6-19CB-4980-8EE2-5EA4415C8A2A}"
EndProject
Project("{FAE04EC0-301F-11D3-BF4B-00C04F79EFBC}") = "FasterBase64.Benchmarks", "FasterBase64.Benchmarks\FasterBase64.Benchmarks.csproj", "{3F77301C-50A9-4B64-8BFF-2C97834788C7}"
EndProject
Global
	GlobalSection(SolutionConfigurationPlatforms) = preSolution
		Debug|Any CPU = Debug|Any CPU
		Release|Any CPU = Release|Any CPU
	EndGlobalSection
	GlobalSection(ProjectConfigurationPlatforms) = postSolution
		{C6D9044D-8B5E-42E5-A699-ED8B212B6227}.Debug|Any CPU.ActiveCfg = Debug|Any CPU
		{C6D9044D-8B5E-42E5-A699-ED8B212B6227}.Debug|Any CPU.Build.0 = Debug|Any CPU
		{C6D9044D-8B5E-42E5-A699-ED8B212B6227}.Release|Any CPU.ActiveCfg = Release|Any CPU
		{C6D9044D-8B5E-42E5-A699-ED8B212B6227}.Release|Any CPU.Build.0 = Release|Any CPU
		{CE48F6A6-19CB-4980-8EE2-5EA4415C8A2A}.Debug|Any CPU.ActiveCfg = Debug|Any CPU
		{CE48F6A6-19CB-4980-8EE2-5EA4415C8A2A}.Debug|Any CPU.Build.0 = Debug|Any CPU
		{CE48F6A6-19CB-4980-8EE2-5EA4415C8A2A}.Release|Any CPU.ActiveCfg = Release|Any CPU
		{CE48F6A6-19CB-4980-8EE2-5EA4415C8A2A}.Release|Any CPU.Build.0 = Release|Any CPU
		{3F77301C-50A9-4B64-8BFF-2C97834788C7}.Debug|Any CPU.ActiveCfg = Debug|Any CPU
		{3F77301C-50A9-4B64-8BFF-2C97834788C7}.Debug|Any CPU.Build.0 = Debug|Any CPU
		{3F77301C-50A9-4B64-8BFF-2C97834788C7}.Release|Any CPU.ActiveCfg = Release|Any CPU
		{3F77301C-50A9-4B64-8BFF-2C97834788C7}.Release|Any CPU.Build.0 = Release|Any CPU
	EndGlobalSection
	GlobalSection(SolutionProperties) = preSolution
		HideSolutionNode = FALSE
	EndGlobalSection
	GlobalSection(ExtensibilityGlobals) = postSolution
		SolutionGuid = {67B1AE7B-C332-4546-80DE-629D417D557E}
	EndGlobalSection
EndGlobal
